
Microsoft Visual Studio Solution File, Format Version 12.00
# Visual Studio Version 17
VisualStudioVersion = 17.8.34525.116
MinimumVisualStudioVersion = 10.0.40219.1
Project("{FAE04EC0-301F-11D3-BF4B-00C04F79EFBC}") = "MVCFactoryBurger", "MVCFactoryBurger\MVCFactoryBurger.csproj", "{67D07B3B-9DA2-4E0A-B12F-094980444CA5}"
EndProject
Global
	GlobalSection(SolutionConfigurationPlatforms) = preSolution
		Debug|Any CPU = Debug|Any CPU
		Release|Any CPU = Release|Any CPU
	EndGlobalSection
	GlobalSection(ProjectConfigurationPlatforms) = postSolution
		{67D07B3B-9DA2-4E0A-B12F-094980444CA5}.Debug|Any CPU.ActiveCfg = Debug|Any CPU
		{67D07B3B-9DA2-4E0A-B12F-094980444CA5}.Debug|Any CPU.Build.0 = Debug|Any CPU
		{67D07B3B-9DA2-4E0A-B12F-094980444CA5}.Release|Any CPU.ActiveCfg = Release|Any CPU
		{67D07B3B-9DA2-4E0A-B12F-094980444CA5}.Release|Any CPU.Build.0 = Release|Any CPU
	EndGlobalSection
	GlobalSection(SolutionProperties) = preSolution
		HideSolutionNode = FALSE
	EndGlobalSection
	GlobalSection(ExtensibilityGlobals) = postSolution
		SolutionGuid = {0B475D11-0E8A-4EDE-BE17-E25231F29824}
	EndGlobalSection
EndGlobal
